
Microsoft Visual Studio Solution File, Format Version 12.00
# Visual Studio Version 17
VisualStudioVersion = 17.5.33502.453
MinimumVisualStudioVersion = 10.0.40219.1
Project("{FAE04EC0-301F-11D3-BF4B-00C04F79EFBC}") = "AuthorizationAPI.Domain", "AuthorizationAPI.Domain\AuthorizationAPI.Domain.csproj", "{80015514-2DA4-480D-8DAD-28DFDC2FBEB0}"
EndProject
Project("{FAE04EC0-301F-11D3-BF4B-00C04F79EFBC}") = "AuthorizationAPI.Application", "AuthorizationAPI.Application\AuthorizationAPI.Application.csproj", "{8693263A-2902-475A-9D39-465CC97C084B}"
EndProject
Project("{FAE04EC0-301F-11D3-BF4B-00C04F79EFBC}") = "AuthorizationAPI.DAL", "AuthorizationAPI.DAL\AuthorizationAPI.DAL.csproj", "{DACBAFEE-E2FE-43D5-BDC6-53D23F5653B7}"
EndProject
Project("{FAE04EC0-301F-11D3-BF4B-00C04F79EFBC}") = "AuthorizationAPI.Web", "AuthorizationAPI.Web\AuthorizationAPI.Web.csproj", "{9A739C58-DB79-4CF6-A3E7-430FC9FA30DB}"
EndProject
Global
	GlobalSection(SolutionConfigurationPlatforms) = preSolution
		Debug|Any CPU = Debug|Any CPU
		Release|Any CPU = Release|Any CPU
	EndGlobalSection
	GlobalSection(ProjectConfigurationPlatforms) = postSolution
		{80015514-2DA4-480D-8DAD-28DFDC2FBEB0}.Debug|Any CPU.ActiveCfg = Debug|Any CPU
		{80015514-2DA4-480D-8DAD-28DFDC2FBEB0}.Debug|Any CPU.Build.0 = Debug|Any CPU
		{80015514-2DA4-480D-8DAD-28DFDC2FBEB0}.Release|Any CPU.ActiveCfg = Release|Any CPU
		{80015514-2DA4-480D-8DAD-28DFDC2FBEB0}.Release|Any CPU.Build.0 = Release|Any CPU
		{8693263A-2902-475A-9D39-465CC97C084B}.Debug|Any CPU.ActiveCfg = Debug|Any CPU
		{8693263A-2902-475A-9D39-465CC97C084B}.Debug|Any CPU.Build.0 = Debug|Any CPU
		{8693263A-2902-475A-9D39-465CC97C084B}.Release|Any CPU.ActiveCfg = Release|Any CPU
		{8693263A-2902-475A-9D39-465CC97C084B}.Release|Any CPU.Build.0 = Release|Any CPU
		{DACBAFEE-E2FE-43D5-BDC6-53D23F5653B7}.Debug|Any CPU.ActiveCfg = Debug|Any CPU
		{DACBAFEE-E2FE-43D5-BDC6-53D23F5653B7}.Debug|Any CPU.Build.0 = Debug|Any CPU
		{DACBAFEE-E2FE-43D5-BDC6-53D23F5653B7}.Release|Any CPU.ActiveCfg = Release|Any CPU
		{DACBAFEE-E2FE-43D5-BDC6-53D23F5653B7}.Release|Any CPU.Build.0 = Release|Any CPU
		{9A739C58-DB79-4CF6-A3E7-430FC9FA30DB}.Debug|Any CPU.ActiveCfg = Debug|Any CPU
		{9A739C58-DB79-4CF6-A3E7-430FC9FA30DB}.Debug|Any CPU.Build.0 = Debug|Any CPU
		{9A739C58-DB79-4CF6-A3E7-430FC9FA30DB}.Release|Any CPU.ActiveCfg = Release|Any CPU
		{9A739C58-DB79-4CF6-A3E7-430FC9FA30DB}.Release|Any CPU.Build.0 = Release|Any CPU
	EndGlobalSection
	GlobalSection(SolutionProperties) = preSolution
		HideSolutionNode = FALSE
	EndGlobalSection
	GlobalSection(ExtensibilityGlobals) = postSolution
		SolutionGuid = {4E381B9A-5004-45B0-86AD-5B6647DA637A}
	EndGlobalSection
EndGlobal
